
Microsoft Visual Studio Solution File, Format Version 12.00
# Visual Studio 15
VisualStudioVersion = 15.0.26730.16
MinimumVisualStudioVersion = 10.0.40219.1
Project("{9A19103F-16F7-4668-BE54-9A1E7A4F7556}") = "ez7zu6.Web", "Web\ez7zu6.Web\ez7zu6.Web.csproj", "{462E1D99-998A-474F-BB49-CA35A42256F2}"
EndProject
Project("{2150E333-8FDC-42A3-9474-1A3956D46DE8}") = "Database", "Database", "{3F781FCB-0118-48AD-A1E2-3B67EF2E6CF9}"
EndProject
Project("{2150E333-8FDC-42A3-9474-1A3956D46DE8}") = "AddAuthentication", "AddAuthentication", "{12918996-20F3-41EE-ADFD-79EC6B992CAB}"
	ProjectSection(SolutionItems) = preProject
		Accounts.sql = Accounts.sql
	EndProjectSection
EndProject
Project("{2150E333-8FDC-42A3-9474-1A3956D46DE8}") = "Modules", "Modules", "{E44F72FA-87EF-46ED-A690-4E74E3CBB60F}"
EndProject
Project("{9A19103F-16F7-4668-BE54-9A1E7A4F7556}") = "Member", "Modules\Member\Member.csproj", "{4232541E-8B16-43EE-87C8-6D4AD55F042C}"
EndProject
Project("{9A19103F-16F7-4668-BE54-9A1E7A4F7556}") = "Infrastructure", "Modules\Infrastructure\Infrastructure.csproj", "{CCC368D8-14CD-4D45-9A92-9126F48028A1}"
EndProject
Project("{9A19103F-16F7-4668-BE54-9A1E7A4F7556}") = "Core", "Modules\Core\Core.csproj", "{30F24E1A-2458-4E4C-B041-EB21F0A979A4}"
EndProject
Project("{2150E333-8FDC-42A3-9474-1A3956D46DE8}") = "Note", "Note", "{043534F0-C285-497D-845C-9578E19B61F9}"
	ProjectSection(SolutionItems) = preProject
		Experiences.sql = Experiences.sql
	EndProjectSection
EndProject
Project("{2150E333-8FDC-42A3-9474-1A3956D46DE8}") = "Tests", "Tests", "{84FF0D32-75C9-4FD9-8F31-930BA23425AD}"
EndProject
Project("{FAE04EC0-301F-11D3-BF4B-00C04F79EFBC}") = "Integration", "Tests\Integration\Integration.csproj", "{A52E75EC-1403-41B2-AA72-7CB9F2EBD7DA}"
EndProject
Project("{FAE04EC0-301F-11D3-BF4B-00C04F79EFBC}") = "Data", "Modules\Data\Data.csproj", "{515486C1-6E5B-4BB8-A5E6-078702F77422}"
EndProject
Global
	GlobalSection(SolutionConfigurationPlatforms) = preSolution
		Debug|Any CPU = Debug|Any CPU
		Release|Any CPU = Release|Any CPU
	EndGlobalSection
	GlobalSection(ProjectConfigurationPlatforms) = postSolution
		{462E1D99-998A-474F-BB49-CA35A42256F2}.Debug|Any CPU.ActiveCfg = Debug|Any CPU
		{462E1D99-998A-474F-BB49-CA35A42256F2}.Debug|Any CPU.Build.0 = Debug|Any CPU
		{462E1D99-998A-474F-BB49-CA35A42256F2}.Release|Any CPU.ActiveCfg = Release|Any CPU
		{462E1D99-998A-474F-BB49-CA35A42256F2}.Release|Any CPU.Build.0 = Release|Any CPU
		{4232541E-8B16-43EE-87C8-6D4AD55F042C}.Debug|Any CPU.ActiveCfg = Debug|Any CPU
		{4232541E-8B16-43EE-87C8-6D4AD55F042C}.Debug|Any CPU.Build.0 = Debug|Any CPU
		{4232541E-8B16-43EE-87C8-6D4AD55F042C}.Release|Any CPU.ActiveCfg = Release|Any CPU
		{4232541E-8B16-43EE-87C8-6D4AD55F042C}.Release|Any CPU.Build.0 = Release|Any CPU
		{CCC368D8-14CD-4D45-9A92-9126F48028A1}.Debug|Any CPU.ActiveCfg = Debug|Any CPU
		{CCC368D8-14CD-4D45-9A92-9126F48028A1}.Debug|Any CPU.Build.0 = Debug|Any CPU
		{CCC368D8-14CD-4D45-9A92-9126F48028A1}.Release|Any CPU.ActiveCfg = Release|Any CPU
		{CCC368D8-14CD-4D45-9A92-9126F48028A1}.Release|Any CPU.Build.0 = Release|Any CPU
		{30F24E1A-2458-4E4C-B041-EB21F0A979A4}.Debug|Any CPU.ActiveCfg = Debug|Any CPU
		{30F24E1A-2458-4E4C-B041-EB21F0A979A4}.Debug|Any CPU.Build.0 = Debug|Any CPU
		{30F24E1A-2458-4E4C-B041-EB21F0A979A4}.Release|Any CPU.ActiveCfg = Release|Any CPU
		{30F24E1A-2458-4E4C-B041-EB21F0A979A4}.Release|Any CPU.Build.0 = Release|Any CPU
		{A52E75EC-1403-41B2-AA72-7CB9F2EBD7DA}.Debug|Any CPU.ActiveCfg = Debug|Any CPU
		{A52E75EC-1403-41B2-AA72-7CB9F2EBD7DA}.Debug|Any CPU.Build.0 = Debug|Any CPU
		{A52E75EC-1403-41B2-AA72-7CB9F2EBD7DA}.Release|Any CPU.ActiveCfg = Release|Any CPU
		{A52E75EC-1403-41B2-AA72-7CB9F2EBD7DA}.Release|Any CPU.Build.0 = Release|Any CPU
		{515486C1-6E5B-4BB8-A5E6-078702F77422}.Debug|Any CPU.ActiveCfg = Debug|Any CPU
		{515486C1-6E5B-4BB8-A5E6-078702F77422}.Debug|Any CPU.Build.0 = Debug|Any CPU
		{515486C1-6E5B-4BB8-A5E6-078702F77422}.Release|Any CPU.ActiveCfg = Release|Any CPU
		{515486C1-6E5B-4BB8-A5E6-078702F77422}.Release|Any CPU.Build.0 = Release|Any CPU
	EndGlobalSection
	GlobalSection(SolutionProperties) = preSolution
		HideSolutionNode = FALSE
	EndGlobalSection
	GlobalSection(NestedProjects) = preSolution
		{12918996-20F3-41EE-ADFD-79EC6B992CAB} = {3F781FCB-0118-48AD-A1E2-3B67EF2E6CF9}
		{4232541E-8B16-43EE-87C8-6D4AD55F042C} = {E44F72FA-87EF-46ED-A690-4E74E3CBB60F}
		{CCC368D8-14CD-4D45-9A92-9126F48028A1} = {E44F72FA-87EF-46ED-A690-4E74E3CBB60F}
		{30F24E1A-2458-4E4C-B041-EB21F0A979A4} = {E44F72FA-87EF-46ED-A690-4E74E3CBB60F}
		{043534F0-C285-497D-845C-9578E19B61F9} = {3F781FCB-0118-48AD-A1E2-3B67EF2E6CF9}
		{A52E75EC-1403-41B2-AA72-7CB9F2EBD7DA} = {84FF0D32-75C9-4FD9-8F31-930BA23425AD}
		{515486C1-6E5B-4BB8-A5E6-078702F77422} = {E44F72FA-87EF-46ED-A690-4E74E3CBB60F}
	EndGlobalSection
	GlobalSection(ExtensibilityGlobals) = postSolution
		SolutionGuid = {63A9E1FA-100E-4FB0-8581-FDC9CE66A9E1}
	EndGlobalSection
EndGlobal
